
Microsoft Visual Studio Solution File, Format Version 12.00
# Visual Studio 15
Project("{FAE04EC0-301F-11D3-BF4B-00C04F79EFBC}") = "interfacesExample", "interfacesExample\interfacesExample.csproj", "{DCE2A1C9-3FD6-41A5-B7AB-E13735D969C3}"
EndProject
Global
	GlobalSection(SolutionConfigurationPlatforms) = preSolution
		Debug|Any CPU = Debug|Any CPU
		Release|Any CPU = Release|Any CPU
	EndGlobalSection
	GlobalSection(ProjectConfigurationPlatforms) = postSolution
		{DCE2A1C9-3FD6-41A5-B7AB-E13735D969C3}.Debug|Any CPU.ActiveCfg = Debug|Any CPU
		{DCE2A1C9-3FD6-41A5-B7AB-E13735D969C3}.Debug|Any CPU.Build.0 = Debug|Any CPU
		{DCE2A1C9-3FD6-41A5-B7AB-E13735D969C3}.Release|Any CPU.ActiveCfg = Release|Any CPU
		{DCE2A1C9-3FD6-41A5-B7AB-E13735D969C3}.Release|Any CPU.Build.0 = Release|Any CPU
	EndGlobalSection
EndGlobal
