
Microsoft Visual Studio Solution File, Format Version 12.00
# Visual Studio 15
Project("{FAE04EC0-301F-11D3-BF4B-00C04F79EFBC}") = "swtichCaseExamples", "swtichCaseExamples\swtichCaseExamples.csproj", "{0AFFE920-76A6-4A93-9343-63344D0743BA}"
EndProject
Global
	GlobalSection(SolutionConfigurationPlatforms) = preSolution
		Debug|Any CPU = Debug|Any CPU
		Release|Any CPU = Release|Any CPU
	EndGlobalSection
	GlobalSection(ProjectConfigurationPlatforms) = postSolution
		{0AFFE920-76A6-4A93-9343-63344D0743BA}.Debug|Any CPU.ActiveCfg = Debug|Any CPU
		{0AFFE920-76A6-4A93-9343-63344D0743BA}.Debug|Any CPU.Build.0 = Debug|Any CPU
		{0AFFE920-76A6-4A93-9343-63344D0743BA}.Release|Any CPU.ActiveCfg = Release|Any CPU
		{0AFFE920-76A6-4A93-9343-63344D0743BA}.Release|Any CPU.Build.0 = Release|Any CPU
	EndGlobalSection
EndGlobal
